# This file is @generated by PDM.
# It is not intended for manual editing.

[metadata]
groups = ["default", "dev", "local"]
strategy = ["inherit_metadata"]
lock_version = "4.5.0"
content_hash = "sha256:7e937c4bcd9154204630f464d5d481750a9622e0c66d498d4a1999ae980bac28"

[[metadata.targets]]
requires_python = "==3.13.*"

[[package]]
name = "asgiref"
version = "3.12.1"
requires_python = ">=3.10"
summary = "ASGI specs, helper code, and adapters"
groups = ["default"]
dependencies = [
    "typing-extensions>=4; python_version < \"3.11\"",
]
files = [
    {file = "asgiref-3.12.1-py3-none-any.whl", hash = "sha256:fe386d1c2bff7259ea95929266d12a8cf9a8b5a1c2598402967d8792e7a7c094"},
    {file = "asgiref-3.12.1.tar.gz", hash = "sha256:59dcb51c272ad209d59bed5708a64a333083e86017d7fcdd67498eeab7784340"},
]

[[package]]
name = "basedpyright"
version = "1.39.10"
requires_python = ">=3.8"
summary = "static type checking for Python (but based)"
groups = ["dev"]
dependencies = [
    "nodejs-wheel-binaries>=20.13.1",
]
files = [
    {file = "basedpyright-1.39.10-py3-none-any.whl", hash = "sha256:cbd75d83c0be841329bcfef2d2f1182f152a6d975b8eb199e75cf5b8e9a3de78"},
    {file = "basedpyright-1.39.10.tar.gz", hash = "sha256:c8eaf5302f3265e275c7df4fba194d7afa7c1cb53fbfd448e90098360aca2c2e"},
]

[[package]]
name = "cfgv"
version = "3.5.0"
requires_python = ">=3.10"
summary = "Validate configuration and produce human readable error messages."
groups = ["dev"]
files = [
    {file = "cfgv-3.5.0-py2.py3-none-any.whl", hash = "sha256:a8dc6b26ad22ff227d2634a65cb388215ce6cc96bbcc5cfde7641ae87e8dacc0"},
    {file = "cfgv-3.5.0.tar.gz", hash = "sha256:d5b1034354820651caa73ede66a6294d6e95c1b00acc5e9b098e917404669132"},
]

[[package]]
name = "click"
version = "8.5.0"
requires_python = ">=3.10"
summary = "Composable command line interface toolkit"
groups = ["local"]
files = [
    {file = "click-8.5.0-py3-none-any.whl", hash = "sha256:255bc9599cf7748b4b1a446ccc735421bd08a2ae529a8b88597d3de5664ee360"},
    {file = "click-8.5.0.tar.gz", hash = "sha256:ba0d2089de75ea0310e2dde03160e6ca10009947fb95a182f9b54021bb272e34"},
]

[[package]]
name = "distlib"
version = "0.4.3"
summary = "Distribution utilities"
groups = ["dev"]
files = [
    {file = "distlib-0.4.3-py2.py3-none-any.whl", hash = "sha256:4b0ce306c966eb73bc3a7b6abad017c556dadd92c44701562cd528ac7fde4d5b"},
    {file = "distlib-0.4.3.tar.gz", hash = "sha256:f152097224a0ae24be5a0f6bae1b9359af82133bce63f98a95f86cae1aede9ed"},
]

[[package]]
name = "dj-database-url"
version = "3.1.2"
requires_python = ">=3.10"
summary = "Use Database URLs in your Django Application."
groups = ["default"]
dependencies = [
    "django>=4.2",
]
files = [
    {file = "dj_database_url-3.1.2-py3-none-any.whl", hash = "sha256:544e015fee3efa5127a1eb1cca465f4ace578265b3671fe61d0ed7dbafb5ec8a"},
    {file = "dj_database_url-3.1.2.tar.gz", hash = "sha256:63c20e4bbaa51690dfd4c8d189521f6bf6bc9da9fcdb23d95d2ee8ee87f9ec62"},
]

[[package]]
name = "django"
version = "6.1.1"
requires_python = ">=3.12"
summary = "A high-level Python web framework that encourages rapid development and clean, pragmatic design."
groups = ["default"]
dependencies = [
    "asgiref>=3.9.1",
    "sqlparse>=0.5.0",
    "tzdata; sys_platform == \"win32\"",
]
files = [
    {file = "django-6.1.1-py3-none-any.whl", hash = "sha256:585fb82bf15053c42cf52e67c2f1b54a032dca384759315fd6678ab1870d1d72"},
    {file = "django-6.1.1.tar.gz", hash = "sha256:7ab93536d8e677aa14554c56426290c69480bf2ee68d7513d4a22f57d6bfeb84"},
]

[[package]]
name = "django-types"
version = "0.24.0"
requires_python = ">=3.10"
summary = "Type stubs for Django"
groups = ["dev"]
dependencies = [
    "types-psycopg2>=2.9.21.13",
]
files = [
    {file = "django_types-0.24.0-py3-none-any.whl", hash = "sha256:ddb478ca733e0dde5475118dd59ab340156980f9659fd92de2083326ae96100a"},
    {file = "django_types-0.24.0.tar.gz", hash = "sha256:af903de8b9ee963b7594459a7a20cb8eaaab176ae2b3244ecaa089e0c570b0d1"},
]

[[package]]
name = "filelock"
version = "3.32.5"
requires_python = ">=3.10"
summary = "A platform independent file lock."
groups = ["dev"]
files = [
    {file = "filelock-3.32.5-py3-none-any.whl", hash = "sha256:142cd9fa77a872c5e78c62329a0d15278fadc686eb89e760017968961a4fd6b2"},
    {file = "filelock-3.32.5.tar.gz", hash = "sha256:f6a6a28f743f9b95ce19db5abe0f376f75eb56517dff21e1a4751e2657d3e83d"},
]

[[package]]
name = "gunicorn"
version = "26.2.0"
requires_python = ">=3.10"
summary = "WSGI HTTP Server for UNIX"
groups = ["default"]
files = [
    {file = "gunicorn-26.2.0-py3-none-any.whl", hash = "sha256:bd249d0b3f7972f7432f0a6b6ff3b3ee2d129f70cd1ff6c09a9dd9e29a2b88e3"},
    {file = "gunicorn-26.2.0.tar.gz", hash = "sha256:62b864895d9ebff0b2f9867ba04fe811c93121596540830c9c916d0769668447"},
]

[[package]]
name = "h11"
version = "0.16.0"
requires_python = ">=3.8"
summary = "A pure-Python, bring-your-own-I/O implementation of HTTP/1.1"
groups = ["local"]
files = [
    {file = "h11-0.16.0-py3-none-any.whl", hash = "sha256:63cf8bbe7522de3bf65932fda1d9c2772064ffb3dae62d55932da54b31cb6c86"},
    {file = "h11-0.16.0.tar.gz", hash = "sha256:4e35b956cf45792e4caa5885e69fba00bdbc6ffafbfa020300e549b208ee5ff1"},
]

[[package]]
name = "identify"
version = "2.6.19"
requires_python = ">=3.10"
summary = "File identification library for Python"
groups = ["dev"]
files = [
    {file = "identify-2.6.19-py2.py3-none-any.whl", hash = "sha256:20e6a87f786f768c092a721ad107fc9df0eb89347be9396cadf3f4abbd1fb78a"},
    {file = "identify-2.6.19.tar.gz", hash = "sha256:6be5020c38fcb07da56c53733538a3081ea5aa70d36a156f83044bfbf9173842"},
]

[[package]]
name = "nodeenv"
version = "1.10.0"
requires_python = "!=3.0.*,!=3.1.*,!=3.2.*,!=3.3.*,!=3.4.*,!=3.5.*,!=3.6.*,>=2.7"
summary = "Node.js virtual environment builder"
groups = ["dev"]
files = [
    {file = "nodeenv-1.10.0-py2.py3-none-any.whl", hash = "sha256:5bb13e3eed2923615535339b3c620e76779af4cb4c6a90deccc9e36b274d3827"},
    {file = "nodeenv-1.10.0.tar.gz", hash = "sha256:996c191ad80897d076bdfba80a41994c2b47c68e224c542b48feba42ba00f8bb"},
]

[[package]]
name = "nodejs-wheel-binaries"
version = "24.19.0"
requires_python = ">=3.7"
summary = "unoffical Node.js package"
groups = ["dev"]
dependencies = [
    "typing-extensions; python_version < \"3.8\"",
]
files = [
    {file = "nodejs_wheel_binaries-24.19.0-py2.py3-none-macosx_13_0_arm64.whl", hash = "sha256:e12cbfd69089504e42fb14194ce734a9dcf3eb38c820ca63dd511d36fb964e9c"},
    {file = "nodejs_wheel_binaries-24.19.0-py2.py3-none-macosx_13_0_x86_64.whl", hash = "sha256:1c890adf4b7e6556ccc1ca66c866bb81884b6c9a581dee4e530dc7f78fb9d514"},
    {file = "nodejs_wheel_binaries-24.19.0-py2.py3-none-manylinux_2_28_aarch64.whl", hash = "sha256:4e029dadfae1295876063c96b236f673487e8c27379fe146c1e2250283520227"},
    {file = "nodejs_wheel_binaries-24.19.0-py2.py3-none-manylinux_2_28_x86_64.whl", hash = "sha256:4196a947bcc883f2003ab101762d729f3e99b5e86b75bd09151563403e2eceb8"},
    {file = "nodejs_wheel_binaries-24.19.0-py2.py3-none-musllinux_1_2_aarch64.whl", hash = "sha256:352e048ab4dd35e7de5f338d1cc4fcbf77a0e93da30bf7336a8217ee246b31d7"},
    {file = "nodejs_wheel_binaries-24.19.0-py2.py3-none-musllinux_1_2_x86_64.whl", hash = "sha256:28d078b2ced9e2069516e652dc4b1380e7a1a7f2d3934eccd1611586d283ba4c"},
    {file = "nodejs_wheel_binaries-24.19.0-py2.py3-none-win_amd64.whl", hash = "sha256:67e3abeb9c3830cae8c8487ae8a2af7cc27dfa75af06145cee5ca7d1857c81bd"},
    {file = "nodejs_wheel_binaries-24.19.0-py2.py3-none-win_arm64.whl", hash = "sha256:d9074c665ea68b04e183d82482c86dc907d3a9bd15eb6cf85542cb785266bb36"},
    {file = "nodejs_wheel_binaries-24.19.0.tar.gz", hash = "sha256:db217eef8cab8551667863379b08db4d9067403f6cbbe87481eb40edceb8aa9b"},
]

[[package]]
name = "platformdirs"
version = "4.11.7"
requires_python = ">=3.10"
summary = "A small Python package for determining appropriate platform-specific dirs, e.g. a `user data dir`."
groups = ["dev"]
files = [
    {file = "platformdirs-4.11.7-py3-none-any.whl", hash = "sha256:8a02cb259042c79d1cd0450facc2fe6dc9d303ae7901afbe33bf8ea0b188cef6"},
    {file = "platformdirs-4.11.7.tar.gz", hash = "sha256:4f41487eeeeeb07f3a6625e61d9bc0ae6809f92d3386dbd74392fbb76108104d"},
]

[[package]]
name = "pre-commit"
version = "4.6.2"
requires_python = ">=3.10"
summary = "A framework for managing and maintaining multi-language pre-commit hooks."
groups = ["dev"]
dependencies = [
    "cfgv>=2.0.0",
    "identify>=1.0.0",
    "nodeenv>=0.11.1",
    "pyyaml>=5.1",
    "virtualenv>=20.10.0",
]
files = [
    {file = "pre_commit-4.6.2-py2.py3-none-any.whl", hash = "sha256:e2dde9a75d3bce11bd3831c26d134df00a2803c1d818be6a0383c3dcda25dc4e"},
    {file = "pre_commit-4.6.2.tar.gz", hash = "sha256:8f5d7bfb021ecdbcd9d49d89847082dd24172ccde534390081a679ad046e2441"},
]

[[package]]
name = "python-discovery"
version = "1.6.0"
requires_python = ">=3.8"
summary = "Python interpreter discovery"
groups = ["dev"]
dependencies = [
    "filelock>=3.15.4",
]
files = [
    {file = "python_discovery-1.6.0-py3-none-any.whl", hash = "sha256:d4e244cf17b8b29819ed78003d55fbacf86eda23425b075454fff9271b79377a"},
    {file = "python_discovery-1.6.0.tar.gz", hash = "sha256:6393b4eae1be8b2182670635e7baff89ac21cb9f8e86fd1ff40c7b1144febb4c"},
]

[[package]]
name = "pyyaml"
version = "6.0.3"
requires_python = ">=3.8"
summary = "YAML parser and emitter for Python"
groups = ["dev"]
files = [
    {file = "pyyaml-6.0.3-cp313-cp313-macosx_10_13_x86_64.whl", hash = "sha256:8da9669d359f02c0b91ccc01cac4a67f16afec0dac22c2ad09f46bee0697eba8"},
    {file = "pyyaml-6.0.3-cp313-cp313-macosx_11_0_arm64.whl", hash = "sha256:2283a07e2c21a2aa78d9c4442724ec1eb15f5e42a723b99cb3d822d48f5f7ad1"},
    {file = "pyyaml-6.0.3-cp313-cp313-manylinux2014_aarch64.manylinux_2_17_aarch64.manylinux_2_28_aarch64.whl", hash = "sha256:ee2922902c45ae8ccada2c5b501ab86c36525b883eff4255313a253a3160861c"},
    {file = "pyyaml-6.0.3-cp313-cp313-manylinux2014_s390x.manylinux_2_17_s390x.manylinux_2_28_s390x.whl", hash = "sha256:a33284e20b78bd4a18c8c2282d549d10bc8408a2a7ff57653c0cf0b9be0afce5"},
    {file = "pyyaml-6.0.3-cp313-cp313-manylinux2014_x86_64.manylinux_2_17_x86_64.manylinux_2_28_x86_64.whl", hash = "sha256:0f29edc409a6392443abf94b9cf89ce99889a1dd5376d94316ae5145dfedd5d6"},
    {file = "pyyaml-6.0.3-cp313-cp313-musllinux_1_2_aarch64.whl", hash = "sha256:f7057c9a337546edc7973c0d3ba84ddcdf0daa14533c2065749c9075001090e6"},
    {file = "pyyaml-6.0.3-cp313-cp313-musllinux_1_2_x86_64.whl", hash = "sha256:eda16858a3cab07b80edaf74336ece1f986ba330fdb8ee0d6c0d68fe82bc96be"},
    {file = "pyyaml-6.0.3-cp313-cp313-win32.whl", hash = "sha256:d0eae10f8159e8fdad514efdc92d74fd8d682c933a6dd088030f3834bc8e6b26"},
    {file = "pyyaml-6.0.3-cp313-cp313-win_amd64.whl", hash = "sha256:79005a0d97d5ddabfeeea4cf676af11e647e41d81c9a7722a193022accdb6b7c"},
    {file = "pyyaml-6.0.3-cp313-cp313-win_arm64.whl", hash = "sha256:5498cd1645aa724a7c71c8f378eb29ebe23da2fc0d7a08071d89469bf1d2defb"},
    {file = "pyyaml-6.0.3.tar.gz", hash = "sha256:d76623373421df22fb4cf8817020cbb7ef15c725b9d5e45f17e189bfc384190f"},
]

[[package]]
name = "ruff"
version = "0.16.5"
requires_python = ">=3.7"
summary = "An extremely fast Python linter and code formatter, written in Rust."
groups = ["dev"]
files = [
    {file = "ruff-0.16.5-py3-none-linux_armv6l.whl", hash = "sha256:12e5f673e774c35fbb62f288809c7653b73445f8ecec6b6063fd6ea3521aa14b"},
    {file = "ruff-0.16.5-py3-none-macosx_10_12_x86_64.whl", hash = "sha256:eda58a5802de40e7ed5b32b64e0b32539338cc6fcd2c78f61e3ad6a0d79f51c3"},
    {file = "ruff-0.16.5-py3-none-macosx_11_0_arm64.whl", hash = "sha256:c5ae9a7b9a8875131f40f8fe967cc86abf899779efd663cb7ce3d572d01da7eb"},
    {file = "ruff-0.16.5-py3-none-manylinux_2_17_aarch64.manylinux2014_aarch64.whl", hash = "sha256:7b719b0a1f4d59710d283ab2965f621684a108a9e41da622e3b23f0326cd0025"},
    {file = "ruff-0.16.5-py3-none-manylinux_2_17_armv7l.manylinux2014_armv7l.whl", hash = "sha256:2298f2780ed1be0c5cb1361e32ab7b1467f3cce7dabe101d2210a314f2fe42e9"},
    {file = "ruff-0.16.5-py3-none-manylinux_2_17_i686.manylinux2014_i686.whl", hash = "sha256:258f29035a2dd021e7861e631b227a5b3f14e50c1184c9a6a122c5f4576154d7"},
    {file = "ruff-0.16.5-py3-none-manylinux_2_17_ppc64le.manylinux2014_ppc64le.whl", hash = "sha256:b9a4f0432966834019c74d1b7e5c51224305d7713f3d7faf3e7451f1a3be3cde"},
    {file = "ruff-0.16.5-py3-none-manylinux_2_17_s390x.manylinux2014_s390x.whl", hash = "sha256:b5eb3a8c3d0ade9cea42b591fd530368e8798380e30e0a308b85a5cf718f09ea"},
    {file = "ruff-0.16.5-py3-none-manylinux_2_17_x86_64.manylinux2014_x86_64.whl", hash = "sha256:ef0f69e191a13a3c9816f63163c88790cb12cd157bbbb384e9c44745702ab105"},
    {file = "ruff-0.16.5-py3-none-manylinux_2_31_riscv64.whl", hash = "sha256:0eeab41fbea2c42f98dfb9822cdccda9d24ba38d49f6dc945b5c236d48f0ef29"},
    {file = "ruff-0.16.5-py3-none-musllinux_1_2_aarch64.whl", hash = "sha256:f0768e9df4300713fff30733c87575f68b6f1d8de41184e505b7fdd9c0c95eaf"},
    {file = "ruff-0.16.5-py3-none-musllinux_1_2_armv7l.whl", hash = "sha256:95cc70cdc7aa80c338de356279d2adbeb2de0f520b9ecd8aba75b94e95e02f91"},
    {file = "ruff-0.16.5-py3-none-musllinux_1_2_i686.whl", hash = "sha256:d185c8398ded1bfd91c0c2cb258346307571eccc473a8490af8c3977399c384a"},
    {file = "ruff-0.16.5-py3-none-musllinux_1_2_x86_64.whl", hash = "sha256:fb8e3a3c4c6a784150a7ced53b015f4b253fc2bf97a610886419ead64b4756ef"},
    {file = "ruff-0.16.5-py3-none-win32.whl", hash = "sha256:288b0a5f080492fe5635db849f9e2e84aa3cce7b7f0e955997d416c507c76a26"},
    {file = "ruff-0.16.5-py3-none-win_amd64.whl", hash = "sha256:ddc6385fb2137f616357ca03d6c74f4be987f80fed4008566b754f6032b8546f"},
    {file = "ruff-0.16.5-py3-none-win_arm64.whl", hash = "sha256:a64abe90968719b851bb7cedffaa8753fbdbdadab483089682db623f3edc587e"},
    {file = "ruff-0.16.5.tar.gz", hash = "sha256:1b88500f9ffbcab3dedb0082c9f9492e91ec3d618aac1236a3e0189938f7040b"},
]

[[package]]
name = "sqlparse"
version = "0.6.0"
requires_python = ">=3.10"
summary = "A non-validating SQL parser."
groups = ["default"]
files = [
    {file = "sqlparse-0.6.0-py3-none-any.whl", hash = "sha256:b861c0288ce2fa56209a9a6412d2e066ac664b3873b89c26c9d8415e8e32996f"},
    {file = "sqlparse-0.6.0.tar.gz", hash = "sha256:113c35c75365ab9cc9c7231d68c6428fb11c085fc8e9eb1ad659b7ddbf6cd2b9"},
]

[[package]]
name = "types-psycopg2"
version = "2.9.21.20260724"
requires_python = ">=3.10"
summary = "Typing stubs for psycopg2"
groups = ["dev"]
files = [
    {file = "types_psycopg2-2.9.21.20260724-py3-none-any.whl", hash = "sha256:4f87890dd06cea99e3bb0536330ffc2a7320e69059dc1ee0e2c884ef2718f2b4"},
    {file = "types_psycopg2-2.9.21.20260724.tar.gz", hash = "sha256:db31031c37de823a2b21c787cb84832174fdda2a99a8b1af648206f19cc32f8c"},
]

[[package]]
name = "tzdata"
version = "2026.3"
requires_python = ">=2"
summary = "Provider of IANA time zone data"
groups = ["default"]
marker = "sys_platform == \"win32\""
files = [
    {file = "tzdata-2026.3-py2.py3-none-any.whl", hash = "sha256:dc096730c87af6cab1b171c9d532be840741ff5d459015e7f6947bd7d7e54931"},
    {file = "tzdata-2026.3.tar.gz", hash = "sha256:4a1518b8993086a7982523e071643f3c0e5f213e75b21318e78bcabfff9d1415"},
]

[[package]]
name = "uvicorn"
version = "0.52.4"
requires_python = ">=3.10"
summary = "The lightning-fast ASGI server."
groups = ["local"]
dependencies = [
    "click>=7.0",
    "h11>=0.8",
    "typing-extensions>=4.0; python_version < \"3.11\"",
]
files = [
    {file = "uvicorn-0.52.4-py3-none-any.whl", hash = "sha256:f86e41a149d7d05a9969337e3946a9c171c06a5d42680896daaba624aeac8da1"},
    {file = "uvicorn-0.52.4.tar.gz", hash = "sha256:73acfee47a0b133c5de13d219492d62d8a31e935f4fe6e41a232451a15379f86"},
]

[[package]]
name = "virtualenv"
version = "21.7.8"
requires_python = ">=3.9"
summary = "Virtual Python Environment builder"
groups = ["dev"]
dependencies = [
    "distlib<1,>=0.3.7",
    "filelock<4,>=3.24.2; python_version >= \"3.10\"",
    "filelock<=3.19.1,>=3.16.1; python_version < \"3.10\"",
    "platformdirs<5,>=3.9.1",
    "python-discovery>=1.6",
    "typing-extensions>=4.13.2; python_version < \"3.11\"",
]
files = [
    {file = "virtualenv-21.7.8-py3-none-any.whl", hash = "sha256:3040eb3cbf5d32b10ffd57d167e6a162237ad82ba7d8cf1400a1efed593d85ac"},
    {file = "virtualenv-21.7.8.tar.gz", hash = "sha256:1dc49c790072a9072cb1803f9bd62aa69cd583077cada32390f75505cdc64c9b"},
]

[[package]]
name = "whitenoise"
version = "6.12.0"
requires_python = ">=3.10"
summary = "Radically simplified static file serving for WSGI applications"
groups = ["default"]
files = [
    {file = "whitenoise-6.12.0-py3-none-any.whl", hash = "sha256:fc5e8c572e33ebf24795b47b6a7da8da3c00cff2349f5b04c02f28d0cc5a3cc2"},
    {file = "whitenoise-6.12.0.tar.gz", hash = "sha256:f723ebb76a112e98816ff80fcea0a6c9b8ecde835f8ddda25df7a30a3c2db6ad"},
]
